// !$*UTF8*$!
{
	archiveVersion = 1;
	classes = {
	};
	objectVersion = 46;
	objects = {

/* Begin PBXBuildFile section */
		31E22698BCC374476D3DC146 /* Pods_RssReader.framework in Frameworks */ = {isa = PBXBuildFile; fileRef = CF964655D7BAF918BB0A5C4D /* Pods_RssReader.framework */; };
		AA54E0531DA61CA7001DF0CE /* BookmarkViewController.swift in Sources */ = {isa = PBXBuildFile; fileRef = AA54E0521DA61CA7001DF0CE /* BookmarkViewController.swift */; };
		AA54E0551DA61FBE001DF0CE /* Bookmark.swift in Sources */ = {isa = PBXBuildFile; fileRef = AA54E0541DA61FBE001DF0CE /* Bookmark.swift */; };
		AA8FFC261DA3445E008153CD /* Setting.swift in Sources */ = {isa = PBXBuildFile; fileRef = AA8FFC251DA3445E008153CD /* Setting.swift */; };
		AA8FFC281DA344B4008153CD /* Item.swift in Sources */ = {isa = PBXBuildFile; fileRef = AA8FFC271DA344B4008153CD /* Item.swift */; };
		AABCE7521DA37D6D00C64168 /* DetailViewController.swift in Sources */ = {isa = PBXBuildFile; fileRef = AABCE7511DA37D6D00C64168 /* DetailViewController.swift */; };
		AAC79DE81DA235AE0046DC4C /* AppDelegate.swift in Sources */ = {isa = PBXBuildFile; fileRef = AAC79DE71DA235AE0046DC4C /* AppDelegate.swift */; };
		AAC79DED1DA235AE0046DC4C /* Main.storyboard in Resources */ = {isa = PBXBuildFile; fileRef = AAC79DEB1DA235AE0046DC4C /* Main.storyboard */; };
		AAC79DEF1DA235AE0046DC4C /* Assets.xcassets in Resources */ = {isa = PBXBuildFile; fileRef = AAC79DEE1DA235AE0046DC4C /* Assets.xcassets */; };
		AAC79DF21DA235AE0046DC4C /* LaunchScreen.storyboard in Resources */ = {isa = PBXBuildFile; fileRef = AAC79DF01DA235AE0046DC4C /* LaunchScreen.storyboard */; };
		AAC79DFA1DA23A930046DC4C /* ListViewController.swift in Sources */ = {isa = PBXBuildFile; fileRef = AAC79DF91DA23A930046DC4C /* ListViewController.swift */; };
/* End PBXBuildFile section */

/* Begin PBXFileReference section */
		A0CBECE5EA5C8EBAEBF27D87 /* Pods-RssReader.release.xcconfig */ = {isa = PBXFileReference; includeInIndex = 1; lastKnownFileType = text.xcconfig; name = "Pods-RssReader.release.xcconfig"; path = "Pods/Target Support Files/Pods-RssReader/Pods-RssReader.release.xcconfig"; sourceTree = "<group>"; };
		AA54E0521DA61CA7001DF0CE /* BookmarkViewController.swift */ = {isa = PBXFileReference; fileEncoding = 4; lastKnownFileType = sourcecode.swift; path = BookmarkViewController.swift; sourceTree = "<group>"; };
		AA54E0541DA61FBE001DF0CE /* Bookmark.swift */ = {isa = PBXFileReference; fileEncoding = 4; lastKnownFileType = sourcecode.swift; path = Bookmark.swift; sourceTree = "<group>"; };
		AA8FFC251DA3445E008153CD /* Setting.swift */ = {isa = PBXFileReference; fileEncoding = 4; lastKnownFileType = sourcecode.swift; path = Setting.swift; sourceTree = "<group>"; };
		AA8FFC271DA344B4008153CD /* Item.swift */ = {isa = PBXFileReference; fileEncoding = 4; lastKnownFileType = sourcecode.swift; path = Item.swift; sourceTree = "<group>"; };
		AABCE7511DA37D6D00C64168 /* DetailViewController.swift */ = {isa = PBXFileReference; fileEncoding = 4; lastKnownFileType = sourcecode.swift; path = DetailViewController.swift; sourceTree = "<group>"; };
		AAC79DE41DA235AE0046DC4C /* RssReader.app */ = {isa = PBXFileReference; explicitFileType = wrapper.application; includeInIndex = 0; path = RssReader.app; sourceTree = BUILT_PRODUCTS_DIR; };
		AAC79DE71DA235AE0046DC4C /* AppDelegate.swift */ = {isa = PBXFileReference; lastKnownFileType = sourcecode.swift; path = AppDelegate.swift; sourceTree = "<group>"; };
		AAC79DEC1DA235AE0046DC4C /* Base */ = {isa = PBXFileReference; lastKnownFileType = file.storyboard; name = Base; path = Base.lproj/Main.storyboard; sourceTree = "<group>"; };
		AAC79DEE1DA235AE0046DC4C /* Assets.xcassets */ = {isa = PBXFileReference; lastKnownFileType = folder.assetcatalog; path = Assets.xcassets; sourceTree = "<group>"; };
		AAC79DF11DA235AE0046DC4C /* Base */ = {isa = PBXFileReference; lastKnownFileType = file.storyboard; name = Base; path = Base.lproj/LaunchScreen.storyboard; sourceTree = "<group>"; };
		AAC79DF31DA235AE0046DC4C /* Info.plist */ = {isa = PBXFileReference; lastKnownFileType = text.plist.xml; path = Info.plist; sourceTree = "<group>"; };
		AAC79DF91DA23A930046DC4C /* ListViewController.swift */ = {isa = PBXFileReference; fileEncoding = 4; lastKnownFileType = sourcecode.swift; path = ListViewController.swift; sourceTree = "<group>"; };
		CF964655D7BAF918BB0A5C4D /* Pods_RssReader.framework */ = {isa = PBXFileReference; explicitFileType = wrapper.framework; includeInIndex = 0; path = Pods_RssReader.framework; sourceTree = BUILT_PRODUCTS_DIR; };
		DE6A52B12047361C003234A7 /* Pods-RssReader.debug.xcconfig */ = {isa = PBXFileReference; includeInIndex = 1; lastKnownFileType = text.xcconfig; name = "Pods-RssReader.debug.xcconfig"; path = "Pods/Target Support Files/Pods-RssReader/Pods-RssReader.debug.xcconfig"; sourceTree = "<group>"; };
/* End PBXFileReference section */

/* Begin PBXFrameworksBuildPhase section */
		AAC79DE11DA235AD0046DC4C /* Frameworks */ = {
			isa = PBXFrameworksBuildPhase;
			buildActionMask = 2147483647;
			files = (
				31E22698BCC374476D3DC146 /* Pods_RssReader.framework in Frameworks */,
			);
			runOnlyForDeploymentPostprocessing = 0;
		};
/* End PBXFrameworksBuildPhase section */

/* Begin PBXGroup section */
		25B1A960C36760875AAC025D /* Frameworks */ = {
			isa = PBXGroup;
			children = (
				CF964655D7BAF918BB0A5C4D /* Pods_RssReader.framework */,
			);
			name = Frameworks;
			sourceTree = "<group>";
		};
		64BA94356DCB7671578673D3 /* Pods */ = {
			isa = PBXGroup;
			children = (
				DE6A52B12047361C003234A7 /* Pods-RssReader.debug.xcconfig */,
				A0CBECE5EA5C8EBAEBF27D87 /* Pods-RssReader.release.xcconfig */,
			);
			name = Pods;
			sourceTree = "<group>";
		};
		AAC79DDB1DA235AD0046DC4C = {
			isa = PBXGroup;
			children = (
				AAC79DE61DA235AE0046DC4C /* RssReader */,
				AAC79DE51DA235AE0046DC4C /* Products */,
				64BA94356DCB7671578673D3 /* Pods */,
				25B1A960C36760875AAC025D /* Frameworks */,
			);
			sourceTree = "<group>";
		};
		AAC79DE51DA235AE0046DC4C /* Products */ = {
			isa = PBXGroup;
			children = (
				AAC79DE41DA235AE0046DC4C /* RssReader.app */,
			);
			name = Products;
			sourceTree = "<group>";
		};
		AAC79DE61DA235AE0046DC4C /* RssReader */ = {
			isa = PBXGroup;
			children = (
				AAC79DE71DA235AE0046DC4C /* AppDelegate.swift */,
				AAC79DEB1DA235AE0046DC4C /* Main.storyboard */,
				AAC79DEE1DA235AE0046DC4C /* Assets.xcassets */,
				AAC79DF01DA235AE0046DC4C /* LaunchScreen.storyboard */,
				AAC79DF31DA235AE0046DC4C /* Info.plist */,
				AAC79DF91DA23A930046DC4C /* ListViewController.swift */,
				AA8FFC251DA3445E008153CD /* Setting.swift */,
				AA8FFC271DA344B4008153CD /* Item.swift */,
				AABCE7511DA37D6D00C64168 /* DetailViewController.swift */,
				AA54E0521DA61CA7001DF0CE /* BookmarkViewController.swift */,
				AA54E0541DA61FBE001DF0CE /* Bookmark.swift */,
			);
			path = RssReader;
			sourceTree = "<group>";
		};
/* End PBXGroup section */

/* Begin PBXNativeTarget section */
		AAC79DE31DA235AD0046DC4C /* RssReader */ = {
			isa = PBXNativeTarget;
			buildConfigurationList = AAC79DF61DA235AE0046DC4C /* Build configuration list for PBXNativeTarget "RssReader" */;
			buildPhases = (
				EFFCBDE9D838A569D5665E5A /* [CP] Check Pods Manifest.lock */,
				AAC79DE01DA235AD0046DC4C /* Sources */,
				AAC79DE11DA235AD0046DC4C /* Frameworks */,
				AAC79DE21DA235AD0046DC4C /* Resources */,
				220B2653F263F732F69CD3B5 /* [CP] Embed Pods Frameworks */,
				6C1ED23E8915321D35B05F0D /* [CP] Copy Pods Resources */,
			);
			buildRules = (
			);
			dependencies = (
			);
			name = RssReader;
			productName = RssReader;
			productReference = AAC79DE41DA235AE0046DC4C /* RssReader.app */;
			productType = "com.apple.product-type.application";
		};
/* End PBXNativeTarget section */

/* Begin PBXProject section */
		AAC79DDC1DA235AD0046DC4C /* Project object */ = {
			isa = PBXProject;
			attributes = {
				LastSwiftUpdateCheck = 0800;
				LastUpgradeCheck = 0800;
				ORGANIZATIONNAME = banana;
				TargetAttributes = {
					AAC79DE31DA235AD0046DC4C = {
						CreatedOnToolsVersion = 8.0;
						DevelopmentTeam = FGJN9Q2KKL;
						ProvisioningStyle = Automatic;
					};
				};
			};
			buildConfigurationList = AAC79DDF1DA235AD0046DC4C /* Build configuration list for PBXProject "RssReader" */;
			compatibilityVersion = "Xcode 3.2";
			developmentRegion = English;
			hasScannedForEncodings = 0;
			knownRegions = (
				en,
				Base,
			);
			mainGroup = AAC79DDB1DA235AD0046DC4C;
			productRefGroup = AAC79DE51DA235AE0046DC4C /* Products */;
			projectDirPath = "";
			projectRoot = "";
			targets = (
				AAC79DE31DA235AD0046DC4C /* RssReader */,
			);
		};
/* End PBXProject section */

/* Begin PBXResourcesBuildPhase section */
		AAC79DE21DA235AD0046DC4C /* Resources */ = {
			isa = PBXResourcesBuildPhase;
			buildActionMask = 2147483647;
			files = (
				AAC79DF21DA235AE0046DC4C /* LaunchScreen.storyboard in Resources */,
				AAC79DEF1DA235AE0046DC4C /* Assets.xcassets in Resources */,
				AAC79DED1DA235AE0046DC4C /* Main.storyboard in Resources */,
			);
			runOnlyForDeploymentPostprocessing = 0;
		};
/* End PBXResourcesBuildPhase section */

/* Begin PBXShellScriptBuildPhase section */
		220B2653F263F732F69CD3B5 /* [CP] Embed Pods Frameworks */ = {
			isa = PBXShellScriptBuildPhase;
			buildActionMask = 2147483647;
			files = (
			);
			inputPaths = (
			);
			name = "[CP] Embed Pods Frameworks";
			outputPaths = (
			);
			runOnlyForDeploymentPostprocessing = 0;
			shellPath = /bin/sh;
			shellScript = "\"${SRCROOT}/Pods/Target Support Files/Pods-RssReader/Pods-RssReader-frameworks.sh\"\n";
			showEnvVarsInLog = 0;
		};
		6C1ED23E8915321D35B05F0D /* [CP] Copy Pods Resources */ = {
			isa = PBXShellScriptBuildPhase;
			buildActionMask = 2147483647;
			files = (
			);
			inputPaths = (
			);
			name = "[CP] Copy Pods Resources";
			outputPaths = (
			);
			runOnlyForDeploymentPostprocessing = 0;
			shellPath = /bin/sh;
			shellScript = "\"${SRCROOT}/Pods/Target Support Files/Pods-RssReader/Pods-RssReader-resources.sh\"\n";
			showEnvVarsInLog = 0;
		};
		EFFCBDE9D838A569D5665E5A /* [CP] Check Pods Manifest.lock */ = {
			isa = PBXShellScriptBuildPhase;
			buildActionMask = 2147483647;
			files = (
			);
			inputPaths = (
			);
			name = "[CP] Check Pods Manifest.lock";
			outputPaths = (
			);
			runOnlyForDeploymentPostprocessing = 0;
			shellPath = /bin/sh;
			shellScript = "diff \"${PODS_ROOT}/../Podfile.lock\" \"${PODS_ROOT}/Manifest.lock\" > /dev/null\nif [[ $? != 0 ]] ; then\n    cat << EOM\nerror: The sandbox is not in sync with the Podfile.lock. Run 'pod install' or update your CocoaPods installation.\nEOM\n    exit 1\nfi\n";
			showEnvVarsInLog = 0;
		};
/* End PBXShellScriptBuildPhase section */

/* Begin PBXSourcesBuildPhase section */
		AAC79DE01DA235AD0046DC4C /* Sources */ = {
			isa = PBXSourcesBuildPhase;
			buildActionMask = 2147483647;
			files = (
				AA8FFC281DA344B4008153CD /* Item.swift in Sources */,
				AAC79DFA1DA23A930046DC4C /* ListViewController.swift in Sources */,
				AABCE7521DA37D6D00C64168 /* DetailViewController.swift in Sources */,
				AAC79DE81DA235AE0046DC4C /* AppDelegate.swift in Sources */,
				AA54E0531DA61CA7001DF0CE /* BookmarkViewController.swift in Sources */,
				AA54E0551DA61FBE001DF0CE /* Bookmark.swift in Sources */,
				AA8FFC261DA3445E008153CD /* Setting.swift in Sources */,
			);
			runOnlyForDeploymentPostprocessing = 0;
		};
/* End PBXSourcesBuildPhase section */

/* Begin PBXVariantGroup section */
		AAC79DEB1DA235AE0046DC4C /* Main.storyboard */ = {
			isa = PBXVariantGroup;
			children = (
				AAC79DEC1DA235AE0046DC4C /* Base */,
			);
			name = Main.storyboard;
			sourceTree = "<group>";
		};
		AAC79DF01DA235AE0046DC4C /* LaunchScreen.storyboard */ = {
			isa = PBXVariantGroup;
			children = (
				AAC79DF11DA235AE0046DC4C /* Base */,
			);
			name = LaunchScreen.storyboard;
			sourceTree = "<group>";
		};
/* End PBXVariantGroup section */

/* Begin XCBuildConfiguration section */
		AAC79DF41DA235AE0046DC4C /* Debug */ = {
			isa = XCBuildConfiguration;
			buildSettings = {
				ALWAYS_SEARCH_USER_PATHS = NO;
				CLANG_ANALYZER_NONNULL = YES;
				CLANG_CXX_LANGUAGE_STANDARD = "gnu++0x";
				CLANG_CXX_LIBRARY = "libc++";
				CLANG_ENABLE_MODULES = YES;
				CLANG_ENABLE_OBJC_ARC = YES;
				CLANG_WARN_BOOL_CONVERSION = YES;
				CLANG_WARN_CONSTANT_CONVERSION = YES;
				CLANG_WARN_DIRECT_OBJC_ISA_USAGE = YES_ERROR;
				CLANG_WARN_DOCUMENTATION_COMMENTS = YES;
				CLANG_WARN_EMPTY_BODY = YES;
				CLANG_WARN_ENUM_CONVERSION = YES;
				CLANG_WARN_INFINITE_RECURSION = YES;
				CLANG_WARN_INT_CONVERSION = YES;
				CLANG_WARN_OBJC_ROOT_CLASS = YES_ERROR;
				CLANG_WARN_SUSPICIOUS_MOVES = YES;
				CLANG_WARN_UNREACHABLE_CODE = YES;
				CLANG_WARN__DUPLICATE_METHOD_MATCH = YES;
				"CODE_SIGN_IDENTITY[sdk=iphoneos*]" = "iPhone Developer";
				COPY_PHASE_STRIP = NO;
				DEBUG_INFORMATION_FORMAT = dwarf;
				ENABLE_STRICT_OBJC_MSGSEND = YES;
				ENABLE_TESTABILITY = YES;
				GCC_C_LANGUAGE_STANDARD = gnu99;
				GCC_DYNAMIC_NO_PIC = NO;
				GCC_NO_COMMON_BLOCKS = YES;
				GCC_OPTIMIZATION_LEVEL = 0;
				GCC_PREPROCESSOR_DEFINITIONS = (
					"DEBUG=1",
					"$(inherited)",
				);
				GCC_WARN_64_TO_32_BIT_CONVERSION = YES;
				GCC_WARN_ABOUT_RETURN_TYPE = YES_ERROR;
				GCC_WARN_UNDECLARED_SELECTOR = YES;
				GCC_WARN_UNINITIALIZED_AUTOS = YES_AGGRESSIVE;
				GCC_WARN_UNUSED_FUNCTION = YES;
				GCC_WARN_UNUSED_VARIABLE = YES;
				IPHONEOS_DEPLOYMENT_TARGET = 10.0;
				MTL_ENABLE_DEBUG_INFO = YES;
				ONLY_ACTIVE_ARCH = YES;
				SDKROOT = iphoneos;
				SWIFT_ACTIVE_COMPILATION_CONDITIONS = DEBUG;
				SWIFT_OPTIMIZATION_LEVEL = "-Onone";
			};
			name = Debug;
		};
		AAC79DF51DA235AE0046DC4C /* Release */ = {
			isa = XCBuildConfiguration;
			buildSettings = {
				ALWAYS_SEARCH_USER_PATHS = NO;
				CLANG_ANALYZER_NONNULL = YES;
				CLANG_CXX_LANGUAGE_STANDARD = "gnu++0x";
				CLANG_CXX_LIBRARY = "libc++";
				CLANG_ENABLE_MODULES = YES;
				CLANG_ENABLE_OBJC_ARC = YES;
				CLANG_WARN_BOOL_CONVERSION = YES;
				CLANG_WARN_CONSTANT_CONVERSION = YES;
				CLANG_WARN_DIRECT_OBJC_ISA_USAGE = YES_ERROR;
				CLANG_WARN_DOCUMENTATION_COMMENTS = YES;
				CLANG_WARN_EMPTY_BODY = YES;
				CLANG_WARN_ENUM_CONVERSION = YES;
				CLANG_WARN_INFINITE_RECURSION = YES;
				CLANG_WARN_INT_CONVERSION = YES;
				CLANG_WARN_OBJC_ROOT_CLASS = YES_ERROR;
				CLANG_WARN_SUSPICIOUS_MOVES = YES;
				CLANG_WARN_UNREACHABLE_CODE = YES;
				CLANG_WARN__DUPLICATE_METHOD_MATCH = YES;
				"CODE_SIGN_IDENTITY[sdk=iphoneos*]" = "iPhone Developer";
				COPY_PHASE_STRIP = NO;
				DEBUG_INFORMATION_FORMAT = "dwarf-with-dsym";
				ENABLE_NS_ASSERTIONS = NO;
				ENABLE_STRICT_OBJC_MSGSEND = YES;
				GCC_C_LANGUAGE_STANDARD = gnu99;
				GCC_NO_COMMON_BLOCKS = YES;
				GCC_WARN_64_TO_32_BIT_CONVERSION = YES;
				GCC_WARN_ABOUT_RETURN_TYPE = YES_ERROR;
				GCC_WARN_UNDECLARED_SELECTOR = YES;
				GCC_WARN_UNINITIALIZED_AUTOS = YES_AGGRESSIVE;
				GCC_WARN_UNUSED_FUNCTION = YES;
				GCC_WARN_UNUSED_VARIABLE = YES;
				IPHONEOS_DEPLOYMENT_TARGET = 10.0;
				MTL_ENABLE_DEBUG_INFO = NO;
				SDKROOT = iphoneos;
				SWIFT_OPTIMIZATION_LEVEL = "-Owholemodule";
				VALIDATE_PRODUCT = YES;
			};
			name = Release;
		};
		AAC79DF71DA235AE0046DC4C /* Debug */ = {
			isa = XCBuildConfiguration;
			baseConfigurationReference = DE6A52B12047361C003234A7 /* Pods-RssReader.debug.xcconfig */;
			buildSettings = {
				ASSETCATALOG_COMPILER_APPICON_NAME = AppIcon;
				DEVELOPMENT_TEAM = FGJN9Q2KKL;
				INFOPLIST_FILE = RssReader/Info.plist;
				IPHONEOS_DEPLOYMENT_TARGET = 9.3;
				LD_RUNPATH_SEARCH_PATHS = "$(inherited) @executable_path/Frameworks";
				PRODUCT_BUNDLE_IDENTIFIER = banana1.RssReader;
				PRODUCT_NAME = "$(TARGET_NAME)";
				SWIFT_VERSION = 3.0;
			};
			name = Debug;
		};
		AAC79DF81DA235AE0046DC4C /* Release */ = {
			isa = XCBuildConfiguration;
			baseConfigurationReference = A0CBECE5EA5C8EBAEBF27D87 /* Pods-RssReader.release.xcconfig */;
			buildSettings = {
				ASSETCATALOG_COMPILER_APPICON_NAME = AppIcon;
				DEVELOPMENT_TEAM = FGJN9Q2KKL;
				INFOPLIST_FILE = RssReader/Info.plist;
				IPHONEOS_DEPLOYMENT_TARGET = 9.3;
				LD_RUNPATH_SEARCH_PATHS = "$(inherited) @executable_path/Frameworks";
				PRODUCT_BUNDLE_IDENTIFIER = banana1.RssReader;
				PRODUCT_NAME = "$(TARGET_NAME)";
				SWIFT_VERSION = 3.0;
			};
			name = Release;
		};
/* End XCBuildConfiguration section */

/* Begin XCConfigurationList section */
		AAC79DDF1DA235AD0046DC4C /* Build configuration list for PBXProject "RssReader" */ = {
			isa = XCConfigurationList;
			buildConfigurations = (
				AAC79DF41DA235AE0046DC4C /* Debug */,
				AAC79DF51DA235AE0046DC4C /* Release */,
			);
			defaultConfigurationIsVisible = 0;
			defaultConfigurationName = Release;
		};
		AAC79DF61DA235AE0046DC4C /* Build configuration list for PBXNativeTarget "RssReader" */ = {
			isa = XCConfigurationList;
			buildConfigurations = (
				AAC79DF71DA235AE0046DC4C /* Debug */,
				AAC79DF81DA235AE0046DC4C /* Release */,
			);
			defaultConfigurationIsVisible = 0;
			defaultConfigurationName = Release;
		};
/* End XCConfigurationList section */
	};
	rootObject = AAC79DDC1DA235AD0046DC4C /* Project object */;
}
